
Microsoft Visual Studio Solution File, Format Version 12.00
# Visual Studio Version 17
VisualStudioVersion = 17.14.36511.14 d17.14
MinimumVisualStudioVersion = 10.0.40219.1
Project("{FAE04EC0-301F-11D3-BF4B-00C04F79EFBC}") = "miniEcommerceTask", "miniEcommerceTask\miniEcommerceTask.csproj", "{FAFC7FE5-9A84-4A94-927E-3B8BD35F34C2}"
EndProject
Global
	GlobalSection(SolutionConfigurationPlatforms) = preSolution
		Debug|Any CPU = Debug|Any CPU
		Release|Any CPU = Release|Any CPU
	EndGlobalSection
	GlobalSection(ProjectConfigurationPlatforms) = postSolution
		{FAFC7FE5-9A84-4A94-927E-3B8BD35F34C2}.Debug|Any CPU.ActiveCfg = Debug|Any CPU
		{FAFC7FE5-9A84-4A94-927E-3B8BD35F34C2}.Debug|Any CPU.Build.0 = Debug|Any CPU
		{FAFC7FE5-9A84-4A94-927E-3B8BD35F34C2}.Release|Any CPU.ActiveCfg = Release|Any CPU
		{FAFC7FE5-9A84-4A94-927E-3B8BD35F34C2}.Release|Any CPU.Build.0 = Release|Any CPU
	EndGlobalSection
	GlobalSection(SolutionProperties) = preSolution
		HideSolutionNode = FALSE
	EndGlobalSection
	GlobalSection(ExtensibilityGlobals) = postSolution
		SolutionGuid = {942D413C-C8F0-48EF-A15C-D50CE1B72FCF}
	EndGlobalSection
EndGlobal
